
Microsoft Visual Studio Solution File, Format Version 12.00
# Visual Studio 15
VisualStudioVersion = 15.0.27130.2010
MinimumVisualStudioVersion = 10.0.40219.1
Project("{FAE04EC0-301F-11D3-BF4B-00C04F79EFBC}") = "IPHostEntry", "IPHostEntry\IPHostEntry.csproj", "{888934E9-AB3F-4013-B778-666970E912F9}"
EndProject
Project("{FAE04EC0-301F-11D3-BF4B-00C04F79EFBC}") = "CSclient", "CSclient\CSclient.csproj", "{A03DDF10-F25C-46F8-8932-60C3B456FCFE}"
EndProject
Project("{FAE04EC0-301F-11D3-BF4B-00C04F79EFBC}") = "CSserver", "CSserver\CSserver.csproj", "{21BC0C42-C7F6-41B1-A1C5-7F208C4FCB6D}"
EndProject
Project("{FAE04EC0-301F-11D3-BF4B-00C04F79EFBC}") = "CSserverThread", "CSserverThread\CSserverThread.csproj", "{45C4E4AA-30C4-4AA4-A4BB-C65405EC0BFE}"
EndProject
Project("{FAE04EC0-301F-11D3-BF4B-00C04F79EFBC}") = "CSclientThread", "CSclientThread\CSclientThread.csproj", "{150C0C84-E916-420E-A04D-BC5BC8394BFC}"
EndProject
Project("{FAE04EC0-301F-11D3-BF4B-00C04F79EFBC}") = "TCPSocketServer", "TCPSocket\TCPSocketServer.csproj", "{0B7793C0-810C-4AE0-BB72-1FCAD115FF8D}"
EndProject
Project("{FAE04EC0-301F-11D3-BF4B-00C04F79EFBC}") = "TCPSocketClient", "TCPSocketClient\TCPSocketClient.csproj", "{2FF88C94-68CC-4F0C-B4B9-A5BAAE093405}"
EndProject
Project("{2150E333-8FDC-42A3-9474-1A3956D46DE8}") = "CS", "CS", "{2FD7C944-3BA0-443B-8178-9CBB9A56C146}"
EndProject
Project("{2150E333-8FDC-42A3-9474-1A3956D46DE8}") = "TCP", "TCP", "{935000CA-22A3-4F7A-9AD3-6C8D0EAAA9F4}"
EndProject
Project("{FAE04EC0-301F-11D3-BF4B-00C04F79EFBC}") = "TCPServer", "TCPServer\TCPServer.csproj", "{7B6EFA77-0694-44AD-829F-28C46BF60779}"
EndProject
Project("{FAE04EC0-301F-11D3-BF4B-00C04F79EFBC}") = "TCPClient", "TCPClient\TCPClient.csproj", "{28156EE4-8424-44A5-961F-F3BF602DBC91}"
EndProject
Project("{FAE04EC0-301F-11D3-BF4B-00C04F79EFBC}") = "AsynClient", "AsynClient\AsynClient.csproj", "{AE1338B4-178D-46BC-BA77-A4BB1D54D0E9}"
EndProject
Global
	GlobalSection(SolutionConfigurationPlatforms) = preSolution
		Debug|Any CPU = Debug|Any CPU
		Release|Any CPU = Release|Any CPU
	EndGlobalSection
	GlobalSection(ProjectConfigurationPlatforms) = postSolution
		{888934E9-AB3F-4013-B778-666970E912F9}.Debug|Any CPU.ActiveCfg = Debug|Any CPU
		{888934E9-AB3F-4013-B778-666970E912F9}.Debug|Any CPU.Build.0 = Debug|Any CPU
		{888934E9-AB3F-4013-B778-666970E912F9}.Release|Any CPU.ActiveCfg = Release|Any CPU
		{888934E9-AB3F-4013-B778-666970E912F9}.Release|Any CPU.Build.0 = Release|Any CPU
		{A03DDF10-F25C-46F8-8932-60C3B456FCFE}.Debug|Any CPU.ActiveCfg = Debug|Any CPU
		{A03DDF10-F25C-46F8-8932-60C3B456FCFE}.Debug|Any CPU.Build.0 = Debug|Any CPU
		{A03DDF10-F25C-46F8-8932-60C3B456FCFE}.Release|Any CPU.ActiveCfg = Release|Any CPU
		{A03DDF10-F25C-46F8-8932-60C3B456FCFE}.Release|Any CPU.Build.0 = Release|Any CPU
		{21BC0C42-C7F6-41B1-A1C5-7F208C4FCB6D}.Debug|Any CPU.ActiveCfg = Debug|Any CPU
		{21BC0C42-C7F6-41B1-A1C5-7F208C4FCB6D}.Debug|Any CPU.Build.0 = Debug|Any CPU
		{21BC0C42-C7F6-41B1-A1C5-7F208C4FCB6D}.Release|Any CPU.ActiveCfg = Release|Any CPU
		{21BC0C42-C7F6-41B1-A1C5-7F208C4FCB6D}.Release|Any CPU.Build.0 = Release|Any CPU
		{45C4E4AA-30C4-4AA4-A4BB-C65405EC0BFE}.Debug|Any CPU.ActiveCfg = Debug|Any CPU
		{45C4E4AA-30C4-4AA4-A4BB-C65405EC0BFE}.Debug|Any CPU.Build.0 = Debug|Any CPU
		{45C4E4AA-30C4-4AA4-A4BB-C65405EC0BFE}.Release|Any CPU.ActiveCfg = Release|Any CPU
		{45C4E4AA-30C4-4AA4-A4BB-C65405EC0BFE}.Release|Any CPU.Build.0 = Release|Any CPU
		{150C0C84-E916-420E-A04D-BC5BC8394BFC}.Debug|Any CPU.ActiveCfg = Debug|Any CPU
		{150C0C84-E916-420E-A04D-BC5BC8394BFC}.Debug|Any CPU.Build.0 = Debug|Any CPU
		{150C0C84-E916-420E-A04D-BC5BC8394BFC}.Release|Any CPU.ActiveCfg = Release|Any CPU
		{150C0C84-E916-420E-A04D-BC5BC8394BFC}.Release|Any CPU.Build.0 = Release|Any CPU
		{0B7793C0-810C-4AE0-BB72-1FCAD115FF8D}.Debug|Any CPU.ActiveCfg = Debug|Any CPU
		{0B7793C0-810C-4AE0-BB72-1FCAD115FF8D}.Debug|Any CPU.Build.0 = Debug|Any CPU
		{0B7793C0-810C-4AE0-BB72-1FCAD115FF8D}.Release|Any CPU.ActiveCfg = Release|Any CPU
		{0B7793C0-810C-4AE0-BB72-1FCAD115FF8D}.Release|Any CPU.Build.0 = Release|Any CPU
		{2FF88C94-68CC-4F0C-B4B9-A5BAAE093405}.Debug|Any CPU.ActiveCfg = Debug|Any CPU
		{2FF88C94-68CC-4F0C-B4B9-A5BAAE093405}.Debug|Any CPU.Build.0 = Debug|Any CPU
		{2FF88C94-68CC-4F0C-B4B9-A5BAAE093405}.Release|Any CPU.ActiveCfg = Release|Any CPU
		{2FF88C94-68CC-4F0C-B4B9-A5BAAE093405}.Release|Any CPU.Build.0 = Release|Any CPU
		{7B6EFA77-0694-44AD-829F-28C46BF60779}.Debug|Any CPU.ActiveCfg = Debug|Any CPU
		{7B6EFA77-0694-44AD-829F-28C46BF60779}.Debug|Any CPU.Build.0 = Debug|Any CPU
		{7B6EFA77-0694-44AD-829F-28C46BF60779}.Release|Any CPU.ActiveCfg = Release|Any CPU
		{7B6EFA77-0694-44AD-829F-28C46BF60779}.Release|Any CPU.Build.0 = Release|Any CPU
		{28156EE4-8424-44A5-961F-F3BF602DBC91}.Debug|Any CPU.ActiveCfg = Debug|Any CPU
		{28156EE4-8424-44A5-961F-F3BF602DBC91}.Debug|Any CPU.Build.0 = Debug|Any CPU
		{28156EE4-8424-44A5-961F-F3BF602DBC91}.Release|Any CPU.ActiveCfg = Release|Any CPU
		{28156EE4-8424-44A5-961F-F3BF602DBC91}.Release|Any CPU.Build.0 = Release|Any CPU
		{AE1338B4-178D-46BC-BA77-A4BB1D54D0E9}.Debug|Any CPU.ActiveCfg = Debug|Any CPU
		{AE1338B4-178D-46BC-BA77-A4BB1D54D0E9}.Debug|Any CPU.Build.0 = Debug|Any CPU
		{AE1338B4-178D-46BC-BA77-A4BB1D54D0E9}.Release|Any CPU.ActiveCfg = Release|Any CPU
		{AE1338B4-178D-46BC-BA77-A4BB1D54D0E9}.Release|Any CPU.Build.0 = Release|Any CPU
	EndGlobalSection
	GlobalSection(SolutionProperties) = preSolution
		HideSolutionNode = FALSE
	EndGlobalSection
	GlobalSection(NestedProjects) = preSolution
		{A03DDF10-F25C-46F8-8932-60C3B456FCFE} = {2FD7C944-3BA0-443B-8178-9CBB9A56C146}
		{21BC0C42-C7F6-41B1-A1C5-7F208C4FCB6D} = {2FD7C944-3BA0-443B-8178-9CBB9A56C146}
		{45C4E4AA-30C4-4AA4-A4BB-C65405EC0BFE} = {2FD7C944-3BA0-443B-8178-9CBB9A56C146}
		{150C0C84-E916-420E-A04D-BC5BC8394BFC} = {2FD7C944-3BA0-443B-8178-9CBB9A56C146}
		{0B7793C0-810C-4AE0-BB72-1FCAD115FF8D} = {935000CA-22A3-4F7A-9AD3-6C8D0EAAA9F4}
		{2FF88C94-68CC-4F0C-B4B9-A5BAAE093405} = {935000CA-22A3-4F7A-9AD3-6C8D0EAAA9F4}
		{7B6EFA77-0694-44AD-829F-28C46BF60779} = {935000CA-22A3-4F7A-9AD3-6C8D0EAAA9F4}
		{28156EE4-8424-44A5-961F-F3BF602DBC91} = {935000CA-22A3-4F7A-9AD3-6C8D0EAAA9F4}
	EndGlobalSection
	GlobalSection(ExtensibilityGlobals) = postSolution
		SolutionGuid = {BFE5D051-57A7-428C-B1D0-AC4C606C616A}
	EndGlobalSection
EndGlobal
